// !$*UTF8*$!
{
	archiveVersion = 1;
	classes = {
	};
	objectVersion = 46;
	objects = {

/* Begin PBXBuildFile section */
		281BA1111AC114E2002340C8 /* main.m in Sources */ = {isa = PBXBuildFile; fileRef = 281BA1101AC114E2002340C8 /* main.m */; };
		281BA1141AC114E2002340C8 /* AppDelegate.m in Sources */ = {isa = PBXBuildFile; fileRef = 281BA1131AC114E2002340C8 /* AppDelegate.m */; };
		281BA11A1AC114E2002340C8 /* Main.storyboard in Resources */ = {isa = PBXBuildFile; fileRef = 281BA1181AC114E2002340C8 /* Main.storyboard */; };
		281BA11C1AC114E2002340C8 /* Images.xcassets in Resources */ = {isa = PBXBuildFile; fileRef = 281BA11B1AC114E2002340C8 /* Images.xcassets */; };
		281BA11F1AC114E2002340C8 /* LaunchScreen.xib in Resources */ = {isa = PBXBuildFile; fileRef = 281BA11D1AC114E2002340C8 /* LaunchScreen.xib */; };
		281BA12B1AC114E2002340C8 /* The_Prolific_LibraryTests.m in Sources */ = {isa = PBXBuildFile; fileRef = 281BA12A1AC114E2002340C8 /* The_Prolific_LibraryTests.m */; };
		281BA1371AC11584002340C8 /* MainTableViewController.m in Sources */ = {isa = PBXBuildFile; fileRef = 281BA1361AC11584002340C8 /* MainTableViewController.m */; };
		285B23311AC11F810083E735 /* BookTableViewCell.m in Sources */ = {isa = PBXBuildFile; fileRef = 285B23301AC11F810083E735 /* BookTableViewCell.m */; };
		285B23471AC125400083E735 /* AFHTTPRequestOperation.m in Sources */ = {isa = PBXBuildFile; fileRef = 285B23351AC125400083E735 /* AFHTTPRequestOperation.m */; };
		285B23481AC125400083E735 /* AFHTTPRequestOperationManager.m in Sources */ = {isa = PBXBuildFile; fileRef = 285B23371AC125400083E735 /* AFHTTPRequestOperationManager.m */; };
		285B23491AC125400083E735 /* AFHTTPSessionManager.m in Sources */ = {isa = PBXBuildFile; fileRef = 285B23391AC125400083E735 /* AFHTTPSessionManager.m */; };
		285B234A1AC125400083E735 /* AFNetworkReachabilityManager.m in Sources */ = {isa = PBXBuildFile; fileRef = 285B233C1AC125400083E735 /* AFNetworkReachabilityManager.m */; };
		285B234B1AC125400083E735 /* AFSecurityPolicy.m in Sources */ = {isa = PBXBuildFile; fileRef = 285B233E1AC125400083E735 /* AFSecurityPolicy.m */; };
		285B234C1AC125400083E735 /* AFURLConnectionOperation.m in Sources */ = {isa = PBXBuildFile; fileRef = 285B23401AC125400083E735 /* AFURLConnectionOperation.m */; };
		285B234D1AC125400083E735 /* AFURLRequestSerialization.m in Sources */ = {isa = PBXBuildFile; fileRef = 285B23421AC125400083E735 /* AFURLRequestSerialization.m */; };
		285B234E1AC125400083E735 /* AFURLResponseSerialization.m in Sources */ = {isa = PBXBuildFile; fileRef = 285B23441AC125400083E735 /* AFURLResponseSerialization.m */; };
		285B234F1AC125400083E735 /* AFURLSessionManager.m in Sources */ = {isa = PBXBuildFile; fileRef = 285B23461AC125400083E735 /* AFURLSessionManager.m */; };
		285B238C1AC4DBE10083E735 /* BooksHTTPClient.m in Sources */ = {isa = PBXBuildFile; fileRef = 285B238B1AC4DBE10083E735 /* BooksHTTPClient.m */; };
		285B23901AC4DF040083E735 /* Book.m in Sources */ = {isa = PBXBuildFile; fileRef = 285B238F1AC4DF040083E735 /* Book.m */; };
		285B23931AC4FF960083E735 /* BookDetailViewController.m in Sources */ = {isa = PBXBuildFile; fileRef = 285B23921AC4FF960083E735 /* BookDetailViewController.m */; };
/* End PBXBuildFile section */

/* Begin PBXContainerItemProxy section */
		281BA1251AC114E2002340C8 /* PBXContainerItemProxy */ = {
			isa = PBXContainerItemProxy;
			containerPortal = 281BA1031AC114E1002340C8 /* Project object */;
			proxyType = 1;
			remoteGlobalIDString = 281BA10A1AC114E2002340C8;
			remoteInfo = "The Prolific Library";
		};
/* End PBXContainerItemProxy section */

/* Begin PBXFileReference section */
		281BA10B1AC114E2002340C8 /* The Prolific Library.app */ = {isa = PBXFileReference; explicitFileType = wrapper.application; includeInIndex = 0; path = "The Prolific Library.app"; sourceTree = BUILT_PRODUCTS_DIR; };
		281BA10F1AC114E2002340C8 /* Info.plist */ = {isa = PBXFileReference; lastKnownFileType = text.plist.xml; path = Info.plist; sourceTree = "<group>"; };
		281BA1101AC114E2002340C8 /* main.m */ = {isa = PBXFileReference; lastKnownFileType = sourcecode.c.objc; path = main.m; sourceTree = "<group>"; };
		281BA1121AC114E2002340C8 /* AppDelegate.h */ = {isa = PBXFileReference; lastKnownFileType = sourcecode.c.h; path = AppDelegate.h; sourceTree = "<group>"; };
		281BA1131AC114E2002340C8 /* AppDelegate.m */ = {isa = PBXFileReference; lastKnownFileType = sourcecode.c.objc; path = AppDelegate.m; sourceTree = "<group>"; };
		281BA1191AC114E2002340C8 /* Base */ = {isa = PBXFileReference; lastKnownFileType = file.storyboard; name = Base; path = Base.lproj/Main.storyboard; sourceTree = "<group>"; };
		281BA11B1AC114E2002340C8 /* Images.xcassets */ = {isa = PBXFileReference; lastKnownFileType = folder.assetcatalog; path = Images.xcassets; sourceTree = "<group>"; };
		281BA11E1AC114E2002340C8 /* Base */ = {isa = PBXFileReference; lastKnownFileType = file.xib; name = Base; path = Base.lproj/LaunchScreen.xib; sourceTree = "<group>"; };
		281BA1241AC114E2002340C8 /* The Prolific LibraryTests.xctest */ = {isa = PBXFileReference; explicitFileType = wrapper.cfbundle; includeInIndex = 0; path = "The Prolific LibraryTests.xctest"; sourceTree = BUILT_PRODUCTS_DIR; };
		281BA1291AC114E2002340C8 /* Info.plist */ = {isa = PBXFileReference; lastKnownFileType = text.plist.xml; path = Info.plist; sourceTree = "<group>"; };
		281BA12A1AC114E2002340C8 /* The_Prolific_LibraryTests.m */ = {isa = PBXFileReference; lastKnownFileType = sourcecode.c.objc; path = The_Prolific_LibraryTests.m; sourceTree = "<group>"; };
		281BA1351AC11584002340C8 /* MainTableViewController.h */ = {isa = PBXFileReference; fileEncoding = 4; lastKnownFileType = sourcecode.c.h; path = MainTableViewController.h; sourceTree = "<group>"; };
		281BA1361AC11584002340C8 /* MainTableViewController.m */ = {isa = PBXFileReference; fileEncoding = 4; lastKnownFileType = sourcecode.c.objc; path = MainTableViewController.m; sourceTree = "<group>"; };
		285B232F1AC11F810083E735 /* BookTableViewCell.h */ = {isa = PBXFileReference; fileEncoding = 4; lastKnownFileType = sourcecode.c.h; path = BookTableViewCell.h; sourceTree = "<group>"; };
		285B23301AC11F810083E735 /* BookTableViewCell.m */ = {isa = PBXFileReference; fileEncoding = 4; lastKnownFileType = sourcecode.c.objc; path = BookTableViewCell.m; sourceTree = "<group>"; };
		285B23341AC125400083E735 /* AFHTTPRequestOperation.h */ = {isa = PBXFileReference; fileEncoding = 4; lastKnownFileType = sourcecode.c.h; path = AFHTTPRequestOperation.h; sourceTree = "<group>"; };
		285B23351AC125400083E735 /* AFHTTPRequestOperation.m */ = {isa = PBXFileReference; fileEncoding = 4; lastKnownFileType = sourcecode.c.objc; path = AFHTTPRequestOperation.m; sourceTree = "<group>"; };
		285B23361AC125400083E735 /* AFHTTPRequestOperationManager.h */ = {isa = PBXFileReference; fileEncoding = 4; lastKnownFileType = sourcecode.c.h; path = AFHTTPRequestOperationManager.h; sourceTree = "<group>"; };
		285B23371AC125400083E735 /* AFHTTPRequestOperationManager.m */ = {isa = PBXFileReference; fileEncoding = 4; lastKnownFileType = sourcecode.c.objc; path = AFHTTPRequestOperationManager.m; sourceTree = "<group>"; };
		285B23381AC125400083E735 /* AFHTTPSessionManager.h */ = {isa = PBXFileReference; fileEncoding = 4; lastKnownFileType = sourcecode.c.h; path = AFHTTPSessionManager.h; sourceTree = "<group>"; };
		285B23391AC125400083E735 /* AFHTTPSessionManager.m */ = {isa = PBXFileReference; fileEncoding = 4; lastKnownFileType = sourcecode.c.objc; path = AFHTTPSessionManager.m; sourceTree = "<group>"; };
		285B233A1AC125400083E735 /* AFNetworking.h */ = {isa = PBXFileReference; fileEncoding = 4; lastKnownFileType = sourcecode.c.h; path = AFNetworking.h; sourceTree = "<group>"; };
		285B233B1AC125400083E735 /* AFNetworkReachabilityManager.h */ = {isa = PBXFileReference; fileEncoding = 4; lastKnownFileType = sourcecode.c.h; path = AFNetworkReachabilityManager.h; sourceTree = "<group>"; };
		285B233C1AC125400083E735 /* AFNetworkReachabilityManager.m */ = {isa = PBXFileReference; fileEncoding = 4; lastKnownFileType = sourcecode.c.objc; path = AFNetworkReachabilityManager.m; sourceTree = "<group>"; };
		285B233D1AC125400083E735 /* AFSecurityPolicy.h */ = {isa = PBXFileReference; fileEncoding = 4; lastKnownFileType = sourcecode.c.h; path = AFSecurityPolicy.h; sourceTree = "<group>"; };
		285B233E1AC125400083E735 /* AFSecurityPolicy.m */ = {isa = PBXFileReference; fileEncoding = 4; lastKnownFileType = sourcecode.c.objc; path = AFSecurityPolicy.m; sourceTree = "<group>"; };
		285B233F1AC125400083E735 /* AFURLConnectionOperation.h */ = {isa = PBXFileReference; fileEncoding = 4; lastKnownFileType = sourcecode.c.h; path = AFURLConnectionOperation.h; sourceTree = "<group>"; };
		285B23401AC125400083E735 /* AFURLConnectionOperation.m */ = {isa = PBXFileReference; fileEncoding = 4; lastKnownFileType = sourcecode.c.objc; path = AFURLConnectionOperation.m; sourceTree = "<group>"; };
		285B23411AC125400083E735 /* AFURLRequestSerialization.h */ = {isa = PBXFileReference; fileEncoding = 4; lastKnownFileType = sourcecode.c.h; path = AFURLRequestSerialization.h; sourceTree = "<group>"; };
		285B23421AC125400083E735 /* AFURLRequestSerialization.m */ = {isa = PBXFileReference; fileEncoding = 4; lastKnownFileType = sourcecode.c.objc; path = AFURLRequestSerialization.m; sourceTree = "<group>"; };
		285B23431AC125400083E735 /* AFURLResponseSerialization.h */ = {isa = PBXFileReference; fileEncoding = 4; lastKnownFileType = sourcecode.c.h; path = AFURLResponseSerialization.h; sourceTree = "<group>"; };
		285B23441AC125400083E735 /* AFURLResponseSerialization.m */ = {isa = PBXFileReference; fileEncoding = 4; lastKnownFileType = sourcecode.c.objc; path = AFURLResponseSerialization.m; sourceTree = "<group>"; };
		285B23451AC125400083E735 /* AFURLSessionManager.h */ = {isa = PBXFileReference; fileEncoding = 4; lastKnownFileType = sourcecode.c.h; path = AFURLSessionManager.h; sourceTree = "<group>"; };
		285B23461AC125400083E735 /* AFURLSessionManager.m */ = {isa = PBXFileReference; fileEncoding = 4; lastKnownFileType = sourcecode.c.objc; path = AFURLSessionManager.m; sourceTree = "<group>"; };
		285B238A1AC4DBE10083E735 /* BooksHTTPClient.h */ = {isa = PBXFileReference; fileEncoding = 4; lastKnownFileType = sourcecode.c.h; path = BooksHTTPClient.h; sourceTree = "<group>"; };
		285B238B1AC4DBE10083E735 /* BooksHTTPClient.m */ = {isa = PBXFileReference; fileEncoding = 4; lastKnownFileType = sourcecode.c.objc; path = BooksHTTPClient.m; sourceTree = "<group>"; };
		285B238E1AC4DF040083E735 /* Book.h */ = {isa = PBXFileReference; fileEncoding = 4; lastKnownFileType = sourcecode.c.h; path = Book.h; sourceTree = "<group>"; };
		285B238F1AC4DF040083E735 /* Book.m */ = {isa = PBXFileReference; fileEncoding = 4; lastKnownFileType = sourcecode.c.objc; path = Book.m; sourceTree = "<group>"; };
		285B23911AC4FF960083E735 /* BookDetailViewController.h */ = {isa = PBXFileReference; fileEncoding = 4; lastKnownFileType = sourcecode.c.h; path = BookDetailViewController.h; sourceTree = "<group>"; };
		285B23921AC4FF960083E735 /* BookDetailViewController.m */ = {isa = PBXFileReference; fileEncoding = 4; lastKnownFileType = sourcecode.c.objc; path = BookDetailViewController.m; sourceTree = "<group>"; };
/* End PBXFileReference section */

/* Begin PBXFrameworksBuildPhase section */
		281BA1081AC114E2002340C8 /* Frameworks */ = {
			isa = PBXFrameworksBuildPhase;
			buildActionMask = 2147483647;
			files = (
			);
			runOnlyForDeploymentPostprocessing = 0;
		};
		281BA1211AC114E2002340C8 /* Frameworks */ = {
			isa = PBXFrameworksBuildPhase;
			buildActionMask = 2147483647;
			files = (
			);
			runOnlyForDeploymentPostprocessing = 0;
		};
/* End PBXFrameworksBuildPhase section */

/* Begin PBXGroup section */
		281BA1021AC114E1002340C8 = {
			isa = PBXGroup;
			children = (
				281BA10D1AC114E2002340C8 /* The Prolific Library */,
				281BA1271AC114E2002340C8 /* The Prolific LibraryTests */,
				281BA10C1AC114E2002340C8 /* Products */,
			);
			sourceTree = "<group>";
		};
		281BA10C1AC114E2002340C8 /* Products */ = {
			isa = PBXGroup;
			children = (
				281BA10B1AC114E2002340C8 /* The Prolific Library.app */,
				281BA1241AC114E2002340C8 /* The Prolific LibraryTests.xctest */,
			);
			name = Products;
			sourceTree = "<group>";
		};
		281BA10D1AC114E2002340C8 /* The Prolific Library */ = {
			isa = PBXGroup;
			children = (
				285B23331AC125400083E735 /* AFNetworking */,
				281BA1121AC114E2002340C8 /* AppDelegate.h */,
				281BA1131AC114E2002340C8 /* AppDelegate.m */,
				285B238D1AC4DBE70083E735 /* Models */,
				285B23321AC11F860083E735 /* Views */,
				281BA1341AC114FD002340C8 /* Controllers */,
				281BA1181AC114E2002340C8 /* Main.storyboard */,
				281BA11D1AC114E2002340C8 /* LaunchScreen.xib */,
				281BA11B1AC114E2002340C8 /* Images.xcassets */,
				281BA10E1AC114E2002340C8 /* Supporting Files */,
			);
			path = "The Prolific Library";
			sourceTree = "<group>";
		};
		281BA10E1AC114E2002340C8 /* Supporting Files */ = {
			isa = PBXGroup;
			children = (
				281BA10F1AC114E2002340C8 /* Info.plist */,
				281BA1101AC114E2002340C8 /* main.m */,
			);
			name = "Supporting Files";
			sourceTree = "<group>";
		};
		281BA1271AC114E2002340C8 /* The Prolific LibraryTests */ = {
			isa = PBXGroup;
			children = (
				281BA12A1AC114E2002340C8 /* The_Prolific_LibraryTests.m */,
				281BA1281AC114E2002340C8 /* Supporting Files */,
			);
			path = "The Prolific LibraryTests";
			sourceTree = "<group>";
		};
		281BA1281AC114E2002340C8 /* Supporting Files */ = {
			isa = PBXGroup;
			children = (
				281BA1291AC114E2002340C8 /* Info.plist */,
			);
			name = "Supporting Files";
			sourceTree = "<group>";
		};
		281BA1341AC114FD002340C8 /* Controllers */ = {
			isa = PBXGroup;
			children = (
				281BA1351AC11584002340C8 /* MainTableViewController.h */,
				281BA1361AC11584002340C8 /* MainTableViewController.m */,
				285B23911AC4FF960083E735 /* BookDetailViewController.h */,
				285B23921AC4FF960083E735 /* BookDetailViewController.m */,
			);
			name = Controllers;
			sourceTree = "<group>";
		};
		285B23321AC11F860083E735 /* Views */ = {
			isa = PBXGroup;
			children = (
				285B232F1AC11F810083E735 /* BookTableViewCell.h */,
				285B23301AC11F810083E735 /* BookTableViewCell.m */,
			);
			name = Views;
			sourceTree = "<group>";
		};
		285B23331AC125400083E735 /* AFNetworking */ = {
			isa = PBXGroup;
			children = (
				285B23341AC125400083E735 /* AFHTTPRequestOperation.h */,
				285B23351AC125400083E735 /* AFHTTPRequestOperation.m */,
				285B23361AC125400083E735 /* AFHTTPRequestOperationManager.h */,
				285B23371AC125400083E735 /* AFHTTPRequestOperationManager.m */,
				285B23381AC125400083E735 /* AFHTTPSessionManager.h */,
				285B23391AC125400083E735 /* AFHTTPSessionManager.m */,
				285B233A1AC125400083E735 /* AFNetworking.h */,
				285B233B1AC125400083E735 /* AFNetworkReachabilityManager.h */,
				285B233C1AC125400083E735 /* AFNetworkReachabilityManager.m */,
				285B233D1AC125400083E735 /* AFSecurityPolicy.h */,
				285B233E1AC125400083E735 /* AFSecurityPolicy.m */,
				285B233F1AC125400083E735 /* AFURLConnectionOperation.h */,
				285B23401AC125400083E735 /* AFURLConnectionOperation.m */,
				285B23411AC125400083E735 /* AFURLRequestSerialization.h */,
				285B23421AC125400083E735 /* AFURLRequestSerialization.m */,
				285B23431AC125400083E735 /* AFURLResponseSerialization.h */,
				285B23441AC125400083E735 /* AFURLResponseSerialization.m */,
				285B23451AC125400083E735 /* AFURLSessionManager.h */,
				285B23461AC125400083E735 /* AFURLSessionManager.m */,
			);
			path = AFNetworking;
			sourceTree = "<group>";
		};
		285B238D1AC4DBE70083E735 /* Models */ = {
			isa = PBXGroup;
			children = (
				285B238A1AC4DBE10083E735 /* BooksHTTPClient.h */,
				285B238B1AC4DBE10083E735 /* BooksHTTPClient.m */,
				285B238E1AC4DF040083E735 /* Book.h */,
				285B238F1AC4DF040083E735 /* Book.m */,
			);
			name = Models;
			sourceTree = "<group>";
		};
/* End PBXGroup section */

/* Begin PBXNativeTarget section */
		281BA10A1AC114E2002340C8 /* The Prolific Library */ = {
			isa = PBXNativeTarget;
			buildConfigurationList = 281BA12E1AC114E2002340C8 /* Build configuration list for PBXNativeTarget "The Prolific Library" */;
			buildPhases = (
				281BA1071AC114E2002340C8 /* Sources */,
				281BA1081AC114E2002340C8 /* Frameworks */,
				281BA1091AC114E2002340C8 /* Resources */,
			);
			buildRules = (
			);
			dependencies = (
			);
			name = "The Prolific Library";
			productName = "The Prolific Library";
			productReference = 281BA10B1AC114E2002340C8 /* The Prolific Library.app */;
			productType = "com.apple.product-type.application";
		};
		281BA1231AC114E2002340C8 /* The Prolific LibraryTests */ = {
			isa = PBXNativeTarget;
			buildConfigurationList = 281BA1311AC114E2002340C8 /* Build configuration list for PBXNativeTarget "The Prolific LibraryTests" */;
			buildPhases = (
				281BA1201AC114E2002340C8 /* Sources */,
				281BA1211AC114E2002340C8 /* Frameworks */,
				281BA1221AC114E2002340C8 /* Resources */,
			);
			buildRules = (
			);
			dependencies = (
				281BA1261AC114E2002340C8 /* PBXTargetDependency */,
			);
			name = "The Prolific LibraryTests";
			productName = "The Prolific LibraryTests";
			productReference = 281BA1241AC114E2002340C8 /* The Prolific LibraryTests.xctest */;
			productType = "com.apple.product-type.bundle.unit-test";
		};
/* End PBXNativeTarget section */

/* Begin PBXProject section */
		281BA1031AC114E1002340C8 /* Project object */ = {
			isa = PBXProject;
			attributes = {
				LastUpgradeCheck = 0620;
				ORGANIZATIONNAME = "Aleksander Skjølsvik";
				TargetAttributes = {
					281BA10A1AC114E2002340C8 = {
						CreatedOnToolsVersion = 6.2;
					};
					281BA1231AC114E2002340C8 = {
						CreatedOnToolsVersion = 6.2;
						TestTargetID = 281BA10A1AC114E2002340C8;
					};
				};
			};
			buildConfigurationList = 281BA1061AC114E2002340C8 /* Build configuration list for PBXProject "The Prolific Library" */;
			compatibilityVersion = "Xcode 3.2";
			developmentRegion = English;
			hasScannedForEncodings = 0;
			knownRegions = (
				en,
				Base,
			);
			mainGroup = 281BA1021AC114E1002340C8;
			productRefGroup = 281BA10C1AC114E2002340C8 /* Products */;
			projectDirPath = "";
			projectRoot = "";
			targets = (
				281BA10A1AC114E2002340C8 /* The Prolific Library */,
				281BA1231AC114E2002340C8 /* The Prolific LibraryTests */,
			);
		};
/* End PBXProject section */

/* Begin PBXResourcesBuildPhase section */
		281BA1091AC114E2002340C8 /* Resources */ = {
			isa = PBXResourcesBuildPhase;
			buildActionMask = 2147483647;
			files = (
				281BA11A1AC114E2002340C8 /* Main.storyboard in Resources */,
				281BA11F1AC114E2002340C8 /* LaunchScreen.xib in Resources */,
				281BA11C1AC114E2002340C8 /* Images.xcassets in Resources */,
			);
			runOnlyForDeploymentPostprocessing = 0;
		};
		281BA1221AC114E2002340C8 /* Resources */ = {
			isa = PBXResourcesBuildPhase;
			buildActionMask = 2147483647;
			files = (
			);
			runOnlyForDeploymentPostprocessing = 0;
		};
/* End PBXResourcesBuildPhase section */

/* Begin PBXSourcesBuildPhase section */
		281BA1071AC114E2002340C8 /* Sources */ = {
			isa = PBXSourcesBuildPhase;
			buildActionMask = 2147483647;
			files = (
				285B23311AC11F810083E735 /* BookTableViewCell.m in Sources */,
				285B238C1AC4DBE10083E735 /* BooksHTTPClient.m in Sources */,
				285B23931AC4FF960083E735 /* BookDetailViewController.m in Sources */,
				285B234B1AC125400083E735 /* AFSecurityPolicy.m in Sources */,
				281BA1141AC114E2002340C8 /* AppDelegate.m in Sources */,
				285B23481AC125400083E735 /* AFHTTPRequestOperationManager.m in Sources */,
				285B234C1AC125400083E735 /* AFURLConnectionOperation.m in Sources */,
				285B23471AC125400083E735 /* AFHTTPRequestOperation.m in Sources */,
				281BA1111AC114E2002340C8 /* main.m in Sources */,
				285B234D1AC125400083E735 /* AFURLRequestSerialization.m in Sources */,
				285B23491AC125400083E735 /* AFHTTPSessionManager.m in Sources */,
				285B23901AC4DF040083E735 /* Book.m in Sources */,
				285B234A1AC125400083E735 /* AFNetworkReachabilityManager.m in Sources */,
				285B234E1AC125400083E735 /* AFURLResponseSerialization.m in Sources */,
				285B234F1AC125400083E735 /* AFURLSessionManager.m in Sources */,
				281BA1371AC11584002340C8 /* MainTableViewController.m in Sources */,
			);
			runOnlyForDeploymentPostprocessing = 0;
		};
		281BA1201AC114E2002340C8 /* Sources */ = {
			isa = PBXSourcesBuildPhase;
			buildActionMask = 2147483647;
			files = (
				281BA12B1AC114E2002340C8 /* The_Prolific_LibraryTests.m in Sources */,
			);
			runOnlyForDeploymentPostprocessing = 0;
		};
/* End PBXSourcesBuildPhase section */

/* Begin PBXTargetDependency section */
		281BA1261AC114E2002340C8 /* PBXTargetDependency */ = {
			isa = PBXTargetDependency;
			target = 281BA10A1AC114E2002340C8 /* The Prolific Library */;
			targetProxy = 281BA1251AC114E2002340C8 /* PBXContainerItemProxy */;
		};
/* End PBXTargetDependency section */

/* Begin PBXVariantGroup section */
		281BA1181AC114E2002340C8 /* Main.storyboard */ = {
			isa = PBXVariantGroup;
			children = (
				281BA1191AC114E2002340C8 /* Base */,
			);
			name = Main.storyboard;
			sourceTree = "<group>";
		};
		281BA11D1AC114E2002340C8 /* LaunchScreen.xib */ = {
			isa = PBXVariantGroup;
			children = (
				281BA11E1AC114E2002340C8 /* Base */,
			);
			name = LaunchScreen.xib;
			sourceTree = "<group>";
		};
/* End PBXVariantGroup section */

/* Begin XCBuildConfiguration section */
		281BA12C1AC114E2002340C8 /* Debug */ = {
			isa = XCBuildConfiguration;
			buildSettings = {
				ALWAYS_SEARCH_USER_PATHS = NO;
				CLANG_CXX_LANGUAGE_STANDARD = "gnu++0x";
				CLANG_CXX_LIBRARY = "libc++";
				CLANG_ENABLE_MODULES = YES;
				CLANG_ENABLE_OBJC_ARC = YES;
				CLANG_WARN_BOOL_CONVERSION = YES;
				CLANG_WARN_CONSTANT_CONVERSION = YES;
				CLANG_WARN_DIRECT_OBJC_ISA_USAGE = YES_ERROR;
				CLANG_WARN_EMPTY_BODY = YES;
				CLANG_WARN_ENUM_CONVERSION = YES;
				CLANG_WARN_INT_CONVERSION = YES;
				CLANG_WARN_OBJC_ROOT_CLASS = YES_ERROR;
				CLANG_WARN_UNREACHABLE_CODE = YES;
				CLANG_WARN__DUPLICATE_METHOD_MATCH = YES;
				"CODE_SIGN_IDENTITY[sdk=iphoneos*]" = "iPhone Developer";
				COPY_PHASE_STRIP = NO;
				ENABLE_STRICT_OBJC_MSGSEND = YES;
				GCC_C_LANGUAGE_STANDARD = gnu99;
				GCC_DYNAMIC_NO_PIC = NO;
				GCC_OPTIMIZATION_LEVEL = 0;
				GCC_PREPROCESSOR_DEFINITIONS = (
					"DEBUG=1",
					"$(inherited)",
				);
				GCC_SYMBOLS_PRIVATE_EXTERN = NO;
				GCC_WARN_64_TO_32_BIT_CONVERSION = YES;
				GCC_WARN_ABOUT_RETURN_TYPE = YES_ERROR;
				GCC_WARN_UNDECLARED_SELECTOR = YES;
				GCC_WARN_UNINITIALIZED_AUTOS = YES_AGGRESSIVE;
				GCC_WARN_UNUSED_FUNCTION = YES;
				GCC_WARN_UNUSED_VARIABLE = YES;
				IPHONEOS_DEPLOYMENT_TARGET = 7.0;
				MTL_ENABLE_DEBUG_INFO = YES;
				ONLY_ACTIVE_ARCH = YES;
				SDKROOT = iphoneos;
			};
			name = Debug;
		};
		281BA12D1AC114E2002340C8 /* Release */ = {
			isa = XCBuildConfiguration;
			buildSettings = {
				ALWAYS_SEARCH_USER_PATHS = NO;
				CLANG_CXX_LANGUAGE_STANDARD = "gnu++0x";
				CLANG_CXX_LIBRARY = "libc++";
				CLANG_ENABLE_MODULES = YES;
				CLANG_ENABLE_OBJC_ARC = YES;
				CLANG_WARN_BOOL_CONVERSION = YES;
				CLANG_WARN_CONSTANT_CONVERSION = YES;
				CLANG_WARN_DIRECT_OBJC_ISA_USAGE = YES_ERROR;
				CLANG_WARN_EMPTY_BODY = YES;
				CLANG_WARN_ENUM_CONVERSION = YES;
				CLANG_WARN_INT_CONVERSION = YES;
				CLANG_WARN_OBJC_ROOT_CLASS = YES_ERROR;
				CLANG_WARN_UNREACHABLE_CODE = YES;
				CLANG_WARN__DUPLICATE_METHOD_MATCH = YES;
				"CODE_SIGN_IDENTITY[sdk=iphoneos*]" = "iPhone Developer";
				COPY_PHASE_STRIP = NO;
				ENABLE_NS_ASSERTIONS = NO;
				ENABLE_STRICT_OBJC_MSGSEND = YES;
				GCC_C_LANGUAGE_STANDARD = gnu99;
				GCC_WARN_64_TO_32_BIT_CONVERSION = YES;
				GCC_WARN_ABOUT_RETURN_TYPE = YES_ERROR;
				GCC_WARN_UNDECLARED_SELECTOR = YES;
				GCC_WARN_UNINITIALIZED_AUTOS = YES_AGGRESSIVE;
				GCC_WARN_UNUSED_FUNCTION = YES;
				GCC_WARN_UNUSED_VARIABLE = YES;
				IPHONEOS_DEPLOYMENT_TARGET = 7.0;
				MTL_ENABLE_DEBUG_INFO = NO;
				SDKROOT = iphoneos;
				VALIDATE_PRODUCT = YES;
			};
			name = Release;
		};
		281BA12F1AC114E2002340C8 /* Debug */ = {
			isa = XCBuildConfiguration;
			buildSettings = {
				ASSETCATALOG_COMPILER_APPICON_NAME = AppIcon;
				INFOPLIST_FILE = "The Prolific Library/Info.plist";
				IPHONEOS_DEPLOYMENT_TARGET = 7.0;
				LD_RUNPATH_SEARCH_PATHS = "$(inherited) @executable_path/Frameworks";
				PRODUCT_NAME = "$(TARGET_NAME)";
				TARGETED_DEVICE_FAMILY = 1;
			};
			name = Debug;
		};
		281BA1301AC114E2002340C8 /* Release */ = {
			isa = XCBuildConfiguration;
			buildSettings = {
				ASSETCATALOG_COMPILER_APPICON_NAME = AppIcon;
				INFOPLIST_FILE = "The Prolific Library/Info.plist";
				IPHONEOS_DEPLOYMENT_TARGET = 7.0;
				LD_RUNPATH_SEARCH_PATHS = "$(inherited) @executable_path/Frameworks";
				PRODUCT_NAME = "$(TARGET_NAME)";
				TARGETED_DEVICE_FAMILY = 1;
			};
			name = Release;
		};
		281BA1321AC114E2002340C8 /* Debug */ = {
			isa = XCBuildConfiguration;
			buildSettings = {
				BUNDLE_LOADER = "$(TEST_HOST)";
				FRAMEWORK_SEARCH_PATHS = (
					"$(SDKROOT)/Developer/Library/Frameworks",
					"$(inherited)",
				);
				GCC_PREPROCESSOR_DEFINITIONS = (
					"DEBUG=1",
					"$(inherited)",
				);
				INFOPLIST_FILE = "The Prolific LibraryTests/Info.plist";
				LD_RUNPATH_SEARCH_PATHS = "$(inherited) @executable_path/Frameworks @loader_path/Frameworks";
				PRODUCT_NAME = "$(TARGET_NAME)";
				TEST_HOST = "$(BUILT_PRODUCTS_DIR)/The Prolific Library.app/The Prolific Library";
			};
			name = Debug;
		};
		281BA1331AC114E2002340C8 /* Release */ = {
			isa = XCBuildConfiguration;
			buildSettings = {
				BUNDLE_LOADER = "$(TEST_HOST)";
				FRAMEWORK_SEARCH_PATHS = (
					"$(SDKROOT)/Developer/Library/Frameworks",
					"$(inherited)",
				);
				INFOPLIST_FILE = "The Prolific LibraryTests/Info.plist";
				LD_RUNPATH_SEARCH_PATHS = "$(inherited) @executable_path/Frameworks @loader_path/Frameworks";
				PRODUCT_NAME = "$(TARGET_NAME)";
				TEST_HOST = "$(BUILT_PRODUCTS_DIR)/The Prolific Library.app/The Prolific Library";
			};
			name = Release;
		};
/* End XCBuildConfiguration section */

/* Begin XCConfigurationList section */
		281BA1061AC114E2002340C8 /* Build configuration list for PBXProject "The Prolific Library" */ = {
			isa = XCConfigurationList;
			buildConfigurations = (
				281BA12C1AC114E2002340C8 /* Debug */,
				281BA12D1AC114E2002340C8 /* Release */,
			);
			defaultConfigurationIsVisible = 0;
			defaultConfigurationName = Release;
		};
		281BA12E1AC114E2002340C8 /* Build configuration list for PBXNativeTarget "The Prolific Library" */ = {
			isa = XCConfigurationList;
			buildConfigurations = (
				281BA12F1AC114E2002340C8 /* Debug */,
				281BA1301AC114E2002340C8 /* Release */,
			);
			defaultConfigurationIsVisible = 0;
			defaultConfigurationName = Release;
		};
		281BA1311AC114E2002340C8 /* Build configuration list for PBXNativeTarget "The Prolific LibraryTests" */ = {
			isa = XCConfigurationList;
			buildConfigurations = (
				281BA1321AC114E2002340C8 /* Debug */,
				281BA1331AC114E2002340C8 /* Release */,
			);
			defaultConfigurationIsVisible = 0;
			defaultConfigurationName = Release;
		};
/* End XCConfigurationList section */
	};
	rootObject = 281BA1031AC114E1002340C8 /* Project object */;
}
